// !$*UTF8*$!
{
	archiveVersion = 1;
	classes = {
	};
	objectVersion = 50;
	objects = {

/* Begin PBXBuildFile section */
		AFAF81B5260CC79B00FB7440 /* QuestionData.swift in Sources */ = {isa = PBXBuildFile; fileRef = AFAF81B4260CC79B00FB7440 /* QuestionData.swift */; };
		AFF651C6260B84D5004011D4 /* AppDelegate.swift in Sources */ = {isa = PBXBuildFile; fileRef = AFF651C5260B84D5004011D4 /* AppDelegate.swift */; };
		AFF651C8260B84D5004011D4 /* SceneDelegate.swift in Sources */ = {isa = PBXBuildFile; fileRef = AFF651C7260B84D5004011D4 /* SceneDelegate.swift */; };
		AFF651CA260B84D5004011D4 /* IntroductionViewController.swift in Sources */ = {isa = PBXBuildFile; fileRef = AFF651C9260B84D5004011D4 /* IntroductionViewController.swift */; };
		AFF651CD260B84D5004011D4 /* Main.storyboard in Resources */ = {isa = PBXBuildFile; fileRef = AFF651CB260B84D5004011D4 /* Main.storyboard */; };
		AFF651CF260B84D5004011D4 /* Assets.xcassets in Resources */ = {isa = PBXBuildFile; fileRef = AFF651CE260B84D5004011D4 /* Assets.xcassets */; };
		AFF651D2260B84D5004011D4 /* LaunchScreen.storyboard in Resources */ = {isa = PBXBuildFile; fileRef = AFF651D0260B84D5004011D4 /* LaunchScreen.storyboard */; };
		AFF651DE260B8E74004011D4 /* ResultsViewController.swift in Sources */ = {isa = PBXBuildFile; fileRef = AFF651DD260B8E74004011D4 /* ResultsViewController.swift */; };
		AFF651E2260B8E8D004011D4 /* QuestionsViewController.swift in Sources */ = {isa = PBXBuildFile; fileRef = AFF651E1260B8E8D004011D4 /* QuestionsViewController.swift */; };
/* End PBXBuildFile section */

/* Begin PBXFileReference section */
		AFAF81B4260CC79B00FB7440 /* QuestionData.swift */ = {isa = PBXFileReference; lastKnownFileType = sourcecode.swift; path = QuestionData.swift; sourceTree = "<group>"; };
		AFF651C2260B84D5004011D4 /* ColorQuiz.app */ = {isa = PBXFileReference; explicitFileType = wrapper.application; includeInIndex = 0; path = ColorQuiz.app; sourceTree = BUILT_PRODUCTS_DIR; };
		AFF651C5260B84D5004011D4 /* AppDelegate.swift */ = {isa = PBXFileReference; lastKnownFileType = sourcecode.swift; path = AppDelegate.swift; sourceTree = "<group>"; };
		AFF651C7260B84D5004011D4 /* SceneDelegate.swift */ = {isa = PBXFileReference; lastKnownFileType = sourcecode.swift; path = SceneDelegate.swift; sourceTree = "<group>"; };
		AFF651C9260B84D5004011D4 /* IntroductionViewController.swift */ = {isa = PBXFileReference; lastKnownFileType = sourcecode.swift; path = IntroductionViewController.swift; sourceTree = "<group>"; };
		AFF651CC260B84D5004011D4 /* Base */ = {isa = PBXFileReference; lastKnownFileType = file.storyboard; name = Base; path = Base.lproj/Main.storyboard; sourceTree = "<group>"; };
		AFF651CE260B84D5004011D4 /* Assets.xcassets */ = {isa = PBXFileReference; lastKnownFileType = folder.assetcatalog; path = Assets.xcassets; sourceTree = "<group>"; };
		AFF651D1260B84D5004011D4 /* Base */ = {isa = PBXFileReference; lastKnownFileType = file.storyboard; name = Base; path = Base.lproj/LaunchScreen.storyboard; sourceTree = "<group>"; };
		AFF651D3260B84D5004011D4 /* Info.plist */ = {isa = PBXFileReference; lastKnownFileType = text.plist.xml; path = Info.plist; sourceTree = "<group>"; };
		AFF651DD260B8E74004011D4 /* ResultsViewController.swift */ = {isa = PBXFileReference; lastKnownFileType = sourcecode.swift; path = ResultsViewController.swift; sourceTree = "<group>"; };
		AFF651E1260B8E8D004011D4 /* QuestionsViewController.swift */ = {isa = PBXFileReference; lastKnownFileType = sourcecode.swift; path = QuestionsViewController.swift; sourceTree = "<group>"; };
		AFF651EC260B960B004011D4 /* goodandcozy.ttf */ = {isa = PBXFileReference; lastKnownFileType = file; path = goodandcozy.ttf; sourceTree = "<group>"; };
/* End PBXFileReference section */

/* Begin PBXFrameworksBuildPhase section */
		AFF651BF260B84D5004011D4 /* Frameworks */ = {
			isa = PBXFrameworksBuildPhase;
			buildActionMask = 2147483647;
			files = (
			);
			runOnlyForDeploymentPostprocessing = 0;
		};
/* End PBXFrameworksBuildPhase section */

/* Begin PBXGroup section */
		AFF651B9260B84D5004011D4 = {
			isa = PBXGroup;
			children = (
				AFF651C4260B84D5004011D4 /* ColorQuiz */,
				AFF651C3260B84D5004011D4 /* Products */,
			);
			sourceTree = "<group>";
		};
		AFF651C3260B84D5004011D4 /* Products */ = {
			isa = PBXGroup;
			children = (
				AFF651C2260B84D5004011D4 /* ColorQuiz.app */,
			);
			name = Products;
			sourceTree = "<group>";
		};
		AFF651C4260B84D5004011D4 /* ColorQuiz */ = {
			isa = PBXGroup;
			children = (
				AFF651C5260B84D5004011D4 /* AppDelegate.swift */,
				AFF651C7260B84D5004011D4 /* SceneDelegate.swift */,
				AFF651C9260B84D5004011D4 /* IntroductionViewController.swift */,
				AFF651CB260B84D5004011D4 /* Main.storyboard */,
				AFAF81B4260CC79B00FB7440 /* QuestionData.swift */,
				AFF651DD260B8E74004011D4 /* ResultsViewController.swift */,
				AFF651EC260B960B004011D4 /* goodandcozy.ttf */,
				AFF651E1260B8E8D004011D4 /* QuestionsViewController.swift */,
				AFF651CE260B84D5004011D4 /* Assets.xcassets */,
				AFF651D0260B84D5004011D4 /* LaunchScreen.storyboard */,
				AFF651D3260B84D5004011D4 /* Info.plist */,
			);
			path = ColorQuiz;
			sourceTree = "<group>";
		};
/* End PBXGroup section */

/* Begin PBXNativeTarget section */
		AFF651C1260B84D5004011D4 /* ColorQuiz */ = {
			isa = PBXNativeTarget;
			buildConfigurationList = AFF651D6260B84D5004011D4 /* Build configuration list for PBXNativeTarget "ColorQuiz" */;
			buildPhases = (
				AFF651BE260B84D5004011D4 /* Sources */,
				AFF651BF260B84D5004011D4 /* Frameworks */,
				AFF651C0260B84D5004011D4 /* Resources */,
			);
			buildRules = (
			);
			dependencies = (
			);
			name = ColorQuiz;
			productName = ColorQuiz;
			productReference = AFF651C2260B84D5004011D4 /* ColorQuiz.app */;
			productType = "com.apple.product-type.application";
		};
/* End PBXNativeTarget section */

/* Begin PBXProject section */
		AFF651BA260B84D5004011D4 /* Project object */ = {
			isa = PBXProject;
			attributes = {
				LastSwiftUpdateCheck = 1230;
				LastUpgradeCheck = 1230;
				TargetAttributes = {
					AFF651C1260B84D5004011D4 = {
						CreatedOnToolsVersion = 12.3;
					};
				};
			};
			buildConfigurationList = AFF651BD260B84D5004011D4 /* Build configuration list for PBXProject "ColorQuiz" */;
			compatibilityVersion = "Xcode 9.3";
			developmentRegion = en;
			hasScannedForEncodings = 0;
			knownRegions = (
				en,
				Base,
			);
			mainGroup = AFF651B9260B84D5004011D4;
			productRefGroup = AFF651C3260B84D5004011D4 /* Products */;
			projectDirPath = "";
			projectRoot = "";
			targets = (
				AFF651C1260B84D5004011D4 /* ColorQuiz */,
			);
		};
/* End PBXProject section */

/* Begin PBXResourcesBuildPhase section */
		AFF651C0260B84D5004011D4 /* Resources */ = {
			isa = PBXResourcesBuildPhase;
			buildActionMask = 2147483647;
			files = (
				AFF651D2260B84D5004011D4 /* LaunchScreen.storyboard in Resources */,
				AFF651CF260B84D5004011D4 /* Assets.xcassets in Resources */,
				AFF651CD260B84D5004011D4 /* Main.storyboard in Resources */,
			);
			runOnlyForDeploymentPostprocessing = 0;
		};
/* End PBXResourcesBuildPhase section */

/* Begin PBXSourcesBuildPhase section */
		AFF651BE260B84D5004011D4 /* Sources */ = {
			isa = PBXSourcesBuildPhase;
			buildActionMask = 2147483647;
			files = (
				AFF651CA260B84D5004011D4 /* IntroductionViewController.swift in Sources */,
				AFF651E2260B8E8D004011D4 /* QuestionsViewController.swift in Sources */,
				AFF651C6260B84D5004011D4 /* AppDelegate.swift in Sources */,
				AFAF81B5260CC79B00FB7440 /* QuestionData.swift in Sources */,
				AFF651DE260B8E74004011D4 /* ResultsViewController.swift in Sources */,
				AFF651C8260B84D5004011D4 /* SceneDelegate.swift in Sources */,
			);
			runOnlyForDeploymentPostprocessing = 0;
		};
/* End PBXSourcesBuildPhase section */

/* Begin PBXVariantGroup section */
		AFF651CB260B84D5004011D4 /* Main.storyboard */ = {
			isa = PBXVariantGroup;
			children = (
				AFF651CC260B84D5004011D4 /* Base */,
			);
			name = Main.storyboard;
			sourceTree = "<group>";
		};
		AFF651D0260B84D5004011D4 /* LaunchScreen.storyboard */ = {
			isa = PBXVariantGroup;
			children = (
				AFF651D1260B84D5004011D4 /* Base */,
			);
			name = LaunchScreen.storyboard;
			sourceTree = "<group>";
		};
/* End PBXVariantGroup section */

/* Begin XCBuildConfiguration section */
		AFF651D4260B84D5004011D4 /* Debug */ = {
			isa = XCBuildConfiguration;
			buildSettings = {
				ALWAYS_SEARCH_USER_PATHS = NO;
				CLANG_ANALYZER_NONNULL = YES;
				CLANG_ANALYZER_NUMBER_OBJECT_CONVERSION = YES_AGGRESSIVE;
				CLANG_CXX_LANGUAGE_STANDARD = "gnu++14";
				CLANG_CXX_LIBRARY = "libc++";
				CLANG_ENABLE_MODULES = YES;
				CLANG_ENABLE_OBJC_ARC = YES;
				CLANG_ENABLE_OBJC_WEAK = YES;
				CLANG_WARN_BLOCK_CAPTURE_AUTORELEASING = YES;
				CLANG_WARN_BOOL_CONVERSION = YES;
				CLANG_WARN_COMMA = YES;
				CLANG_WARN_CONSTANT_CONVERSION = YES;
				CLANG_WARN_DEPRECATED_OBJC_IMPLEMENTATIONS = YES;
				CLANG_WARN_DIRECT_OBJC_ISA_USAGE = YES_ERROR;
				CLANG_WARN_DOCUMENTATION_COMMENTS = YES;
				CLANG_WARN_EMPTY_BODY = YES;
				CLANG_WARN_ENUM_CONVERSION = YES;
				CLANG_WARN_INFINITE_RECURSION = YES;
				CLANG_WARN_INT_CONVERSION = YES;
				CLANG_WARN_NON_LITERAL_NULL_CONVERSION = YES;
				CLANG_WARN_OBJC_IMPLICIT_RETAIN_SELF = YES;
				CLANG_WARN_OBJC_LITERAL_CONVERSION = YES;
				CLANG_WARN_OBJC_ROOT_CLASS = YES_ERROR;
				CLANG_WARN_QUOTED_INCLUDE_IN_FRAMEWORK_HEADER = YES;
				CLANG_WARN_RANGE_LOOP_ANALYSIS = YES;
				CLANG_WARN_STRICT_PROTOTYPES = YES;
				CLANG_WARN_SUSPICIOUS_MOVE = YES;
				CLANG_WARN_UNGUARDED_AVAILABILITY = YES_AGGRESSIVE;
				CLANG_WARN_UNREACHABLE_CODE = YES;
				CLANG_WARN__DUPLICATE_METHOD_MATCH = YES;
				COPY_PHASE_STRIP = NO;
				DEBUG_INFORMATION_FORMAT = dwarf;
				ENABLE_STRICT_OBJC_MSGSEND = YES;
				ENABLE_TESTABILITY = YES;
				GCC_C_LANGUAGE_STANDARD = gnu11;
				GCC_DYNAMIC_NO_PIC = NO;
				GCC_NO_COMMON_BLOCKS = YES;
				GCC_OPTIMIZATION_LEVEL = 0;
				GCC_PREPROCESSOR_DEFINITIONS = (
					"DEBUG=1",
					"$(inherited)",
				);
				GCC_WARN_64_TO_32_BIT_CONVERSION = YES;
				GCC_WARN_ABOUT_RETURN_TYPE = YES_ERROR;
				GCC_WARN_UNDECLARED_SELECTOR = YES;
				GCC_WARN_UNINITIALIZED_AUTOS = YES_AGGRESSIVE;
				GCC_WARN_UNUSED_FUNCTION = YES;
				GCC_WARN_UNUSED_VARIABLE = YES;
				IPHONEOS_DEPLOYMENT_TARGET = 14.3;
				MTL_ENABLE_DEBUG_INFO = INCLUDE_SOURCE;
				MTL_FAST_MATH = YES;
				ONLY_ACTIVE_ARCH = YES;
				SDKROOT = iphoneos;
				SWIFT_ACTIVE_COMPILATION_CONDITIONS = DEBUG;
				SWIFT_OPTIMIZATION_LEVEL = "-Onone";
			};
			name = Debug;
		};
		AFF651D5260B84D5004011D4 /* Release */ = {
			isa = XCBuildConfiguration;
			buildSettings = {
				ALWAYS_SEARCH_USER_PATHS = NO;
				CLANG_ANALYZER_NONNULL = YES;
				CLANG_ANALYZER_NUMBER_OBJECT_CONVERSION = YES_AGGRESSIVE;
				CLANG_CXX_LANGUAGE_STANDARD = "gnu++14";
				CLANG_CXX_LIBRARY = "libc++";
				CLANG_ENABLE_MODULES = YES;
				CLANG_ENABLE_OBJC_ARC = YES;
				CLANG_ENABLE_OBJC_WEAK = YES;
				CLANG_WARN_BLOCK_CAPTURE_AUTORELEASING = YES;
				CLANG_WARN_BOOL_CONVERSION = YES;
				CLANG_WARN_COMMA = YES;
				CLANG_WARN_CONSTANT_CONVERSION = YES;
				CLANG_WARN_DEPRECATED_OBJC_IMPLEMENTATIONS = YES;
				CLANG_WARN_DIRECT_OBJC_ISA_USAGE = YES_ERROR;
				CLANG_WARN_DOCUMENTATION_COMMENTS = YES;
				CLANG_WARN_EMPTY_BODY = YES;
				CLANG_WARN_ENUM_CONVERSION = YES;
				CLANG_WARN_INFINITE_RECURSION = YES;
				CLANG_WARN_INT_CONVERSION = YES;
				CLANG_WARN_NON_LITERAL_NULL_CONVERSION = YES;
				CLANG_WARN_OBJC_IMPLICIT_RETAIN_SELF = YES;
				CLANG_WARN_OBJC_LITERAL_CONVERSION = YES;
				CLANG_WARN_OBJC_ROOT_CLASS = YES_ERROR;
				CLANG_WARN_QUOTED_INCLUDE_IN_FRAMEWORK_HEADER = YES;
				CLANG_WARN_RANGE_LOOP_ANALYSIS = YES;
				CLANG_WARN_STRICT_PROTOTYPES = YES;
				CLANG_WARN_SUSPICIOUS_MOVE = YES;
				CLANG_WARN_UNGUARDED_AVAILABILITY = YES_AGGRESSIVE;
				CLANG_WARN_UNREACHABLE_CODE = YES;
				CLANG_WARN__DUPLICATE_METHOD_MATCH = YES;
				COPY_PHASE_STRIP = NO;
				DEBUG_INFORMATION_FORMAT = "dwarf-with-dsym";
				ENABLE_NS_ASSERTIONS = NO;
				ENABLE_STRICT_OBJC_MSGSEND = YES;
				GCC_C_LANGUAGE_STANDARD = gnu11;
				GCC_NO_COMMON_BLOCKS = YES;
				GCC_WARN_64_TO_32_BIT_CONVERSION = YES;
				GCC_WARN_ABOUT_RETURN_TYPE = YES_ERROR;
				GCC_WARN_UNDECLARED_SELECTOR = YES;
				GCC_WARN_UNINITIALIZED_AUTOS = YES_AGGRESSIVE;
				GCC_WARN_UNUSED_FUNCTION = YES;
				GCC_WARN_UNUSED_VARIABLE = YES;
				IPHONEOS_DEPLOYMENT_TARGET = 14.3;
				MTL_ENABLE_DEBUG_INFO = NO;
				MTL_FAST_MATH = YES;
				SDKROOT = iphoneos;
				SWIFT_COMPILATION_MODE = wholemodule;
				SWIFT_OPTIMIZATION_LEVEL = "-O";
				VALIDATE_PRODUCT = YES;
			};
			name = Release;
		};
		AFF651D7260B84D5004011D4 /* Debug */ = {
			isa = XCBuildConfiguration;
			buildSettings = {
				ASSETCATALOG_COMPILER_APPICON_NAME = AppIcon;
				ASSETCATALOG_COMPILER_GLOBAL_ACCENT_COLOR_NAME = AccentColor;
				CODE_SIGN_STYLE = Automatic;
				INFOPLIST_FILE = ColorQuiz/Info.plist;
				LD_RUNPATH_SEARCH_PATHS = (
					"$(inherited)",
					"@executable_path/Frameworks",
				);
				PRODUCT_BUNDLE_IDENTIFIER = com.lauren.ColorQuiz;
				PRODUCT_NAME = "$(TARGET_NAME)";
				SWIFT_VERSION = 5.0;
				TARGETED_DEVICE_FAMILY = "1,2";
			};
			name = Debug;
		};
		AFF651D8260B84D5004011D4 /* Release */ = {
			isa = XCBuildConfiguration;
			buildSettings = {
				ASSETCATALOG_COMPILER_APPICON_NAME = AppIcon;
				ASSETCATALOG_COMPILER_GLOBAL_ACCENT_COLOR_NAME = AccentColor;
				CODE_SIGN_STYLE = Automatic;
				INFOPLIST_FILE = ColorQuiz/Info.plist;
				LD_RUNPATH_SEARCH_PATHS = (
					"$(inherited)",
					"@executable_path/Frameworks",
				);
				PRODUCT_BUNDLE_IDENTIFIER = com.lauren.ColorQuiz;
				PRODUCT_NAME = "$(TARGET_NAME)";
				SWIFT_VERSION = 5.0;
				TARGETED_DEVICE_FAMILY = "1,2";
			};
			name = Release;
		};
/* End XCBuildConfiguration section */

/* Begin XCConfigurationList section */
		AFF651BD260B84D5004011D4 /* Build configuration list for PBXProject "ColorQuiz" */ = {
			isa = XCConfigurationList;
			buildConfigurations = (
				AFF651D4260B84D5004011D4 /* Debug */,
				AFF651D5260B84D5004011D4 /* Release */,
			);
			defaultConfigurationIsVisible = 0;
			defaultConfigurationName = Release;
		};
		AFF651D6260B84D5004011D4 /* Build configuration list for PBXNativeTarget "ColorQuiz" */ = {
			isa = XCConfigurationList;
			buildConfigurations = (
				AFF651D7260B84D5004011D4 /* Debug */,
				AFF651D8260B84D5004011D4 /* Release */,
			);
			defaultConfigurationIsVisible = 0;
			defaultConfigurationName = Release;
		};
/* End XCConfigurationList section */
	};
	rootObject = AFF651BA260B84D5004011D4 /* Project object */;
}
